version = 1
revision = 3
requires-python = ">=3.14"

[manifest]
members = [
    "resin",
    "resin-rt-pybind",
]

[[package]]
name = "clang"
version = "21.1.7"
source = { registry = "https://pypi.org/simple" }
sdist = { url = "https://files.pythonhosted.org/packages/50/9b/956a03195656847c4e3620dab9c36c9e53aecf685a6c3f0bc1ce025d7ec3/clang-21.1.7.tar.gz", hash = "sha256:01d5602b3fff77fef6d691a193d7aead4766b0f11d789d596200f3334a88f4b8", size = 8600, upload-time = "2025-12-18T22:04:51.886Z" }
wheels = [
    { url = "https://files.pythonhosted.org/packages/50/a4/608c542925949b300a295baa422b568f835044c5e3ad20820676b840228a/clang-21.1.7-py3-none-any.whl", hash = "sha256:23ee8f7b62af648009aee5139516b2a2a9320680dbce6e42a53e48bd5e8983ea", size = 40240, upload-time = "2025-12-18T22:04:50.636Z" },
]

[[package]]
name = "colorama"
version = "0.4.6"
source = { registry = "https://pypi.org/simple" }
sdist = { url = "https://files.pythonhosted.org/packages/d8/53/6f443c9a4a8358a93a6792e2acffb9d9d5cb0a5cfd8802644b7b1c9a02e4/colorama-0.4.6.tar.gz", hash = "sha256:08695f5cb7ed6e0531a20572697297273c47b8cae5a63ffc6d6ed5c201be6e44", size = 27697, upload-time = "2022-10-25T02:36:22.414Z" }
wheels = [
    { url = "https://files.pythonhosted.org/packages/d1/d6/3965ed04c63042e047cb6a3e6ed1a63a35087b6a609aa3a15ed8ac56c221/colorama-0.4.6-py2.py3-none-any.whl", hash = "sha256:4f1d9991f5acc0ca119f9d443620b77f9d6b33703e51011c16baf57afb285fc6", size = 25335, upload-time = "2022-10-25T02:36:20.889Z" },
]

[[package]]
name = "frozendict"
version = "2.4.7"
source = { registry = "https://pypi.org/simple" }
sdist = { url = "https://files.pythonhosted.org/packages/90/b2/2a3d1374b7780999d3184e171e25439a8358c47b481f68be883c14086b4c/frozendict-2.4.7.tar.gz", hash = "sha256:e478fb2a1391a56c8a6e10cc97c4a9002b410ecd1ac28c18d780661762e271bd", size = 317082, upload-time = "2025-11-11T22:40:14.251Z" }
wheels = [
    { url = "https://files.pythonhosted.org/packages/38/74/f94141b38a51a553efef7f510fc213894161ae49b88bffd037f8d2a7cb2f/frozendict-2.4.7-py3-none-any.whl", hash = "sha256:972af65924ea25cf5b4d9326d549e69a9a4918d8a76a9d3a7cd174d98b237550", size = 16264, upload-time = "2025-11-11T22:40:12.836Z" },
]

[[package]]
name = "iniconfig"
version = "2.3.0"
source = { registry = "https://pypi.org/simple" }
sdist = { url = "https://files.pythonhosted.org/packages/72/34/14ca021ce8e5dfedc35312d08ba8bf51fdd999c576889fc2c24cb97f4f10/iniconfig-2.3.0.tar.gz", hash = "sha256:c76315c77db068650d49c5b56314774a7804df16fee4402c1f19d6d15d8c4730", size = 20503, upload-time = "2025-10-18T21:55:43.219Z" }
wheels = [
    { url = "https://files.pythonhosted.org/packages/cb/b1/3846dd7f199d53cb17f49cba7e651e9ce294d8497c8c150530ed11865bb8/iniconfig-2.3.0-py3-none-any.whl", hash = "sha256:f631c04d2c48c52b84d0d0549c99ff3859c98df65b3101406327ecc7d53fbf12", size = 7484, upload-time = "2025-10-18T21:55:41.639Z" },
]

[[package]]
name = "markdown-it-py"
version = "4.2.0"
source = { registry = "https://pypi.org/simple" }
dependencies = [
    { name = "mdurl" },
]
sdist = { url = "https://files.pythonhosted.org/packages/06/ff/7841249c247aa650a76b9ee4bbaeae59370dc8bfd2f6c01f3630c35eb134/markdown_it_py-4.2.0.tar.gz", hash = "sha256:04a21681d6fbb623de53f6f364d352309d4094dd4194040a10fd51833e418d49", size = 82454, upload-time = "2026-05-07T12:08:28.36Z" }
wheels = [
    { url = "https://files.pythonhosted.org/packages/b3/81/4da04ced5a082363ecfa159c010d200ecbd959ae410c10c0264a38cac0f5/markdown_it_py-4.2.0-py3-none-any.whl", hash = "sha256:9f7ebbcd14fe59494226453aed97c1070d83f8d24b6fc3a3bcf9a38092641c4a", size = 91687, upload-time = "2026-05-07T12:08:27.182Z" },
]

[[package]]
name = "mdurl"
version = "0.1.2"
source = { registry = "https://pypi.org/simple" }
sdist = { url = "https://files.pythonhosted.org/packages/d6/54/cfe61301667036ec958cb99bd3efefba235e65cdeb9c84d24a8293ba1d90/mdurl-0.1.2.tar.gz", hash = "sha256:bb413d29f5eea38f31dd4754dd7377d4465116fb207585f97bf925588687c1ba", size = 8729, upload-time = "2022-08-14T12:40:10.846Z" }
wheels = [
    { url = "https://files.pythonhosted.org/packages/b3/38/89ba8ad64ae25be8de66a6d463314cf1eb366222074cfda9ee839c56a4b4/mdurl-0.1.2-py3-none-any.whl", hash = "sha256:84008a41e51615a49fc9966191ff91509e3c40b939176e643fd50a5c2196b8f8", size = 9979, upload-time = "2022-08-14T12:40:09.779Z" },
]

[[package]]
name = "msgpack"
version = "1.2.0"
source = { registry = "https://pypi.org/simple" }
sdist = { url = "https://files.pythonhosted.org/packages/92/23/6139781ca7aadf656fa8e384fa84693ffb13f299e6931b6526427fe5e297/msgpack-1.2.0.tar.gz", hash = "sha256:8e17af38197bf58e7e819041678f6178f4491493f5b8c8580414f40f7c2c3c41", size = 183017, upload-time = "2026-06-11T04:16:10.775Z" }
wheels = [
    { url = "https://files.pythonhosted.org/packages/35/3d/a7e3cdafa8c0cf36c81e2fa848ec4d30cf089459af45b390ad03f9ce6f49/msgpack-1.2.0-cp314-cp314-macosx_10_15_x86_64.whl", hash = "sha256:f854fa1a8b55d75d82ef9a905d9cdbeffdf7897c088f6020bd221867da5e56a5", size = 83032, upload-time = "2026-06-11T04:15:39.38Z" },
    { url = "https://files.pythonhosted.org/packages/ca/aa/53ddfba0e347cc4b484e95f629c5850b9e800ca8390c91ffc604407acf87/msgpack-1.2.0-cp314-cp314-macosx_11_0_arm64.whl", hash = "sha256:e90df581f80f53b372d5d9d9349078d729851a3a0d0bd74f53ccb598d01e45b8", size = 82600, upload-time = "2026-06-11T04:15:40.609Z" },
    { url = "https://files.pythonhosted.org/packages/59/fd/e64c2c776e6dbad0af3c963fe0c0dd1ee1ba09efac478b233ab1db41868f/msgpack-1.2.0-cp314-cp314-manylinux2014_aarch64.manylinux_2_17_aarch64.manylinux_2_28_aarch64.whl", hash = "sha256:b276ed50d8ac75d1f134a433ae79af8557d0fa25ee5b4737da533dfc2ce382e8", size = 404342, upload-time = "2026-06-11T04:15:41.87Z" },
    { url = "https://files.pythonhosted.org/packages/1b/60/fb9a08e6ccba882dfd370a5837fe3a07572938fdfe954f0f17fdf3e574b9/msgpack-1.2.0-cp314-cp314-manylinux2014_x86_64.manylinux_2_17_x86_64.manylinux_2_28_x86_64.whl", hash = "sha256:544d972459c92aa32e63b800d07c2d9cf2734a3be29cee3a0b478a622850e9f5", size = 412351, upload-time = "2026-06-11T04:15:43.253Z" },
    { url = "https://files.pythonhosted.org/packages/37/4d/df5c575c274fedc68ac9c6c61d045161899efad2afcdc25138efa7edde69/msgpack-1.2.0-cp314-cp314-manylinux_2_31_riscv64.manylinux_2_39_riscv64.whl", hash = "sha256:a070147cc2cf6b8a891734e0f5c8fe8f70ed8739ab30ba140b058005a6e86af4", size = 373331, upload-time = "2026-06-11T04:15:44.754Z" },
    { url = "https://files.pythonhosted.org/packages/7d/a4/c8b98f8191e985ed2003d87664ce3c95cca41db5d0cf6bf4f54327d32ec8/msgpack-1.2.0-cp314-cp314-musllinux_1_2_aarch64.whl", hash = "sha256:7685e23b0f51745a751629c31713fbefdef8896b31b2bb38299dfa4ae6c0740c", size = 394654, upload-time = "2026-06-11T04:15:46.423Z" },
    { url = "https://files.pythonhosted.org/packages/d4/49/76f036720a602ea24428cfec5ec806f2487c0380b1bff0a2aa3094e15f87/msgpack-1.2.0-cp314-cp314-musllinux_1_2_riscv64.whl", hash = "sha256:b9204daeee8d91a7ae5acf2d2a8e3983be9a3025f38aa21bfaefbd7eea84a7dc", size = 370624, upload-time = "2026-06-11T04:15:48.062Z" },
    { url = "https://files.pythonhosted.org/packages/9f/38/40af3d29232833705a43b0fce0d07425cc280a7b92ab2b29932425b40df4/msgpack-1.2.0-cp314-cp314-musllinux_1_2_x86_64.whl", hash = "sha256:bfc057248609742ebbabf6bcd27fea4fd99c4980584e613c168c9b002318298f", size = 408038, upload-time = "2026-06-11T04:15:49.669Z" },
    { url = "https://files.pythonhosted.org/packages/30/b2/f140ca450524dff4d8d0eb81eb9ed75f8f3e0b1f12e49c5b01617cfa0b1c/msgpack-1.2.0-cp314-cp314-win32.whl", hash = "sha256:a3faa7edf2388337ae849239878e92f0298b4dab4488e4f1834062f9d0c410c9", size = 65823, upload-time = "2026-06-11T04:15:51.062Z" },
    { url = "https://files.pythonhosted.org/packages/4d/13/6517bf966b841c7675ded30701a068ce141f3e698a27aaa35c702d8e078b/msgpack-1.2.0-cp314-cp314-win_amd64.whl", hash = "sha256:1a3effc392a57744e4681e55d05f97d5ee7b598747d718340a9b4b8a970c40e1", size = 72484, upload-time = "2026-06-11T04:15:52.289Z" },
    { url = "https://files.pythonhosted.org/packages/45/8c/1d948420fdaa24de4efdb8012a6a5bebe09c82ee002b8c2ca745e9917f1f/msgpack-1.2.0-cp314-cp314-win_arm64.whl", hash = "sha256:56a318f7df6bec7b40928d6b0519961f20a510d8baabf6baa393a70444588f0a", size = 66657, upload-time = "2026-06-11T04:15:53.583Z" },
    { url = "https://files.pythonhosted.org/packages/39/16/1674faa1b7bddc19e79b465fd8e88e2cf4e3f7cae90723740701e8541068/msgpack-1.2.0-cp314-cp314t-macosx_10_15_x86_64.whl", hash = "sha256:afa4a65ab2097795e771a74a3a81ea49534aaeba874eaf426a3332268e045ae6", size = 86093, upload-time = "2026-06-11T04:15:54.98Z" },
    { url = "https://files.pythonhosted.org/packages/dd/24/f241bcfdd9e96b2246289357c5a5e5a496189fd41c5844bee802c116aac7/msgpack-1.2.0-cp314-cp314t-macosx_11_0_arm64.whl", hash = "sha256:409550770632bb28daa70a11d0ed5763f7db38f40b06f7db9f11dd2794d01102", size = 86372, upload-time = "2026-06-11T04:15:56.381Z" },
    { url = "https://files.pythonhosted.org/packages/94/c9/57f8ab98a1b21808c27b6dd6029053e0a796ffbb9b371e460dbe997011a9/msgpack-1.2.0-cp314-cp314t-manylinux2014_aarch64.manylinux_2_17_aarch64.manylinux_2_28_aarch64.whl", hash = "sha256:bf47e3cd11ce044965a9736a322afdd390b31ed602d1c1b10211d1a841f1d587", size = 428207, upload-time = "2026-06-11T04:15:57.739Z" },
    { url = "https://files.pythonhosted.org/packages/17/6b/4fd4aa739f131ded751ca7167c8ee87d2aab32506ebbeea893b60b51d343/msgpack-1.2.0-cp314-cp314t-manylinux2014_x86_64.manylinux_2_17_x86_64.manylinux_2_28_x86_64.whl", hash = "sha256:204bc9f5d6e59c1718c0a4a84fc8ff71b5b4562faac257c1a68bca611ecf9b72", size = 426082, upload-time = "2026-06-11T04:15:59.356Z" },
    { url = "https://files.pythonhosted.org/packages/f9/00/db88e9a08fcd6513decaad06cbd5c168142bc3e662fb2f1aca3a563b7aa1/msgpack-1.2.0-cp314-cp314t-manylinux_2_31_riscv64.manylinux_2_39_riscv64.whl", hash = "sha256:610154307b27267266368bc1d1c7bb8aeb71da7be9356d403cb2442d9e6399f5", size = 378355, upload-time = "2026-06-11T04:16:00.916Z" },
    { url = "https://files.pythonhosted.org/packages/54/84/eee4dd703d7a600cf46159d621c070b0b9468cf3dbade4ea8272bf5232a4/msgpack-1.2.0-cp314-cp314t-musllinux_1_2_aarch64.whl", hash = "sha256:6799f157bb63e79f11e2e590cfdb28423fc18dd60c270c3914b5b4586ae36f7e", size = 410848, upload-time = "2026-06-11T04:16:02.745Z" },
    { url = "https://files.pythonhosted.org/packages/12/0a/195e2c549fd4631eb7f157d016ff15a10c4c1cf82b6d0a9b1edaef5174b1/msgpack-1.2.0-cp314-cp314t-musllinux_1_2_riscv64.whl", hash = "sha256:72bd844902cf0a5ac3af2ef742f253cd0b1e5bcd184f49b4fb9a6a1f7bf305e8", size = 376152, upload-time = "2026-06-11T04:16:04.041Z" },
    { url = "https://files.pythonhosted.org/packages/45/9b/bdd143fa79baec411dc658f5686fed680a18b36fcea5fccb6af1b8c7d832/msgpack-1.2.0-cp314-cp314t-musllinux_1_2_x86_64.whl", hash = "sha256:3c0bd450f78d0d81722c80da6cdbf674a856967870a9db2f6c4debc4d8b3c67c", size = 417061, upload-time = "2026-06-11T04:16:05.63Z" },
    { url = "https://files.pythonhosted.org/packages/2d/ce/011ffcd8b919f55196ec53f12ae162e21c879d95afba226894314ff62c07/msgpack-1.2.0-cp314-cp314t-win32.whl", hash = "sha256:378caf74c4c718dfc17590ce68a6d710ed398ff6fcf08237de23b77755730b55", size = 70782, upload-time = "2026-06-11T04:16:07.105Z" },
    { url = "https://files.pythonhosted.org/packages/57/a8/9b8791ca96b1be6b9f659c718271e2cb7f99f73f58aad2dd0b30f750f6c0/msgpack-1.2.0-cp314-cp314t-win_amd64.whl", hash = "sha256:553b42598165c4dd3235994fd6e4b0dfb1ce5f3fd33d94ba9609442643015f38", size = 77899, upload-time = "2026-06-11T04:16:08.353Z" },
    { url = "https://files.pythonhosted.org/packages/5b/04/3fa2dffb87bf598696b86bde7cd642d0a7590520c3fa24cd19611dfebeb7/msgpack-1.2.0-cp314-cp314t-win_arm64.whl", hash = "sha256:2825bb1da548d214ab8a810906b7dd69a10f3838b615a2cc46e5172d3cb44f6e", size = 71004, upload-time = "2026-06-11T04:16:09.556Z" },
]

[[package]]
name = "packaging"
version = "26.2"
source = { registry = "https://pypi.org/simple" }
sdist = { url = "https://files.pythonhosted.org/packages/d7/f1/e7a6dd94a8d4a5626c03e4e99c87f241ba9e350cd9e6d75123f992427270/packaging-26.2.tar.gz", hash = "sha256:ff452ff5a3e828ce110190feff1178bb1f2ea2281fa2075aadb987c2fb221661", size = 228134, upload-time = "2026-04-24T20:15:23.917Z" }
wheels = [
    { url = "https://files.pythonhosted.org/packages/df/b2/87e62e8c3e2f4b32e5fe99e0b86d576da1312593b39f47d8ceef365e95ed/packaging-26.2-py3-none-any.whl", hash = "sha256:5fc45236b9446107ff2415ce77c807cee2862cb6fac22b8a73826d0693b0980e", size = 100195, upload-time = "2026-04-24T20:15:22.081Z" },
]

[[package]]
name = "pluggy"
version = "1.6.0"
source = { registry = "https://pypi.org/simple" }
sdist = { url = "https://files.pythonhosted.org/packages/f9/e2/3e91f31a7d2b083fe6ef3fa267035b518369d9511ffab804f839851d2779/pluggy-1.6.0.tar.gz", hash = "sha256:7dcc130b76258d33b90f61b658791dede3486c3e6bfb003ee5c9bfb396dd22f3", size = 69412, upload-time = "2025-05-15T12:30:07.975Z" }
wheels = [
    { url = "https://files.pythonhosted.org/packages/54/20/4d324d65cc6d9205fabedc306948156824eb9f0ee1633355a8f7ec5c66bf/pluggy-1.6.0-py3-none-any.whl", hash = "sha256:e920276dd6813095e9377c0bc5566d94c932c33b27a3e3945d8389c374dd4746", size = 20538, upload-time = "2025-05-15T12:30:06.134Z" },
]

[[package]]
name = "pygments"
version = "2.20.0"
source = { registry = "https://pypi.org/simple" }
sdist = { url = "https://files.pythonhosted.org/packages/c3/b2/bc9c9196916376152d655522fdcebac55e66de6603a76a02bca1b6414f6c/pygments-2.20.0.tar.gz", hash = "sha256:6757cd03768053ff99f3039c1a36d6c0aa0b263438fcab17520b30a303a82b5f", size = 4955991, upload-time = "2026-03-29T13:29:33.898Z" }
wheels = [
    { url = "https://files.pythonhosted.org/packages/f4/7e/a72dd26f3b0f4f2bf1dd8923c85f7ceb43172af56d63c7383eb62b332364/pygments-2.20.0-py3-none-any.whl", hash = "sha256:81a9e26dd42fd28a23a2d169d86d7ac03b46e2f8b59ed4698fb4785f946d0176", size = 1231151, upload-time = "2026-03-29T13:29:30.038Z" },
]

[[package]]
name = "pytest"
version = "9.1.0"
source = { registry = "https://pypi.org/simple" }
dependencies = [
    { name = "colorama", marker = "sys_platform == 'win32'" },
    { name = "iniconfig" },
    { name = "packaging" },
    { name = "pluggy" },
    { name = "pygments" },
]
sdist = { url = "https://files.pythonhosted.org/packages/84/0e/b5858858d74958632c49b72cb25a3976ff9f632397626715be71c89d3971/pytest-9.1.0.tar.gz", hash = "sha256:41dd9148c08072446394cefd3d79701701335a9f4cae69ba92e39f6c7f5c061c", size = 1634181, upload-time = "2026-06-13T18:52:45.983Z" }
wheels = [
    { url = "https://files.pythonhosted.org/packages/8b/5a/ba30a81239b909821b3153e303e7def45178bf353da4f72380e6c5e8793b/pytest-9.1.0-py3-none-any.whl", hash = "sha256:8ebb0e7888bdf2bdfc602ec51f8f62d50200af37356c74e503c79a94f5c81f32", size = 386453, upload-time = "2026-06-13T18:52:44.045Z" },
]

[[package]]
name = "resin"
version = "0.1.0"
source = { editable = "." }
dependencies = [
    { name = "frozendict" },
    { name = "msgpack" },
    { name = "resin-rt-pybind" },
]

[package.dev-dependencies]
dev = [
    { name = "clang" },
    { name = "pytest" },
    { name = "rich" },
    { name = "ruff" },
]

[package.metadata]
requires-dist = [
    { name = "frozendict", specifier = ">=2.4.7" },
    { name = "msgpack", specifier = ">=1.1.2" },
    { name = "resin-rt-pybind", editable = "crates/resin-rt-pybind" },
]

[package.metadata.requires-dev]
dev = [
    { name = "clang", specifier = ">=21.1.7" },
    { name = "pytest", specifier = ">=9.0.2" },
    { name = "rich", specifier = ">=14.3.2" },
    { name = "ruff", specifier = ">=0.14.14" },
]

[[package]]
name = "resin-rt-pybind"
source = { editable = "crates/resin-rt-pybind" }

[[package]]
name = "rich"
version = "15.0.0"
source = { registry = "https://pypi.org/simple" }
dependencies = [
    { name = "markdown-it-py" },
    { name = "pygments" },
]
sdist = { url = "https://files.pythonhosted.org/packages/c0/8f/0722ca900cc807c13a6a0c696dacf35430f72e0ec571c4275d2371fca3e9/rich-15.0.0.tar.gz", hash = "sha256:edd07a4824c6b40189fb7ac9bc4c52536e9780fbbfbddf6f1e2502c31b068c36", size = 230680, upload-time = "2026-04-12T08:24:00.75Z" }
wheels = [
    { url = "https://files.pythonhosted.org/packages/82/3b/64d4899d73f91ba49a8c18a8ff3f0ea8f1c1d75481760df8c68ef5235bf5/rich-15.0.0-py3-none-any.whl", hash = "sha256:33bd4ef74232fb73fe9279a257718407f169c09b78a87ad3d296f548e27de0bb", size = 310654, upload-time = "2026-04-12T08:24:02.83Z" },
]

[[package]]
name = "ruff"
version = "0.15.17"
source = { registry = "https://pypi.org/simple" }
sdist = { url = "https://files.pythonhosted.org/packages/8c/a9/3abdf488f1bf3d24c699415e454ed554a6350d5d89ce183be1ee0a3361ac/ruff-0.15.17.tar.gz", hash = "sha256:2ec446937fd16c8c4de2674a209cc5af64d9c6f17d21fbf1151054fa0bcf5219", size = 4743346, upload-time = "2026-06-11T17:54:47.663Z" }
wheels = [
    { url = "https://files.pythonhosted.org/packages/db/4d/e11259f5da07cb6afb2d074c31bf09da9671993f7329d4f15d2fdc458301/ruff-0.15.17-py3-none-linux_armv6l.whl", hash = "sha256:d9feddb927fc68bd295f5eebc587a7e42cfaf9b65f60ca4a2386febff575da8f", size = 10856677, upload-time = "2026-06-11T17:54:49.533Z" },
    { url = "https://files.pythonhosted.org/packages/29/3e/772d679e1a0dc058e58875bd2c0cb713a0530877b4a76fee3c7966df0d49/ruff-0.15.17-py3-none-macosx_10_12_x86_64.whl", hash = "sha256:25805a226d741c47d274a35ad5c10a7dde175fcddfa511d7cf3da0a21eb3eab7", size = 11223443, upload-time = "2026-06-11T17:55:00.573Z" },
    { url = "https://files.pythonhosted.org/packages/68/58/bd41f7688b2fd5623012605130ed70e60aa7f2244baa3d5066bdd61530c8/ruff-0.15.17-py3-none-macosx_11_0_arm64.whl", hash = "sha256:f6ad73b14c2d18a3bf8ad7cb6974294d7f613a7898604826058e6ac64918ef4d", size = 10566458, upload-time = "2026-06-11T17:55:07.52Z" },
    { url = "https://files.pythonhosted.org/packages/d8/5b/733371013fcf1ec339e477ece6ab42bfe10bdd9bba8ee88a9516aa56bfc0/ruff-0.15.17-py3-none-manylinux_2_17_aarch64.manylinux2014_aarch64.whl", hash = "sha256:6ba0c1e4f95bcb3869d0d30cbd5917071ef2e28665abfec970cdab0492c713ed", size = 10914483, upload-time = "2026-06-11T17:55:05.501Z" },
    { url = "https://files.pythonhosted.org/packages/bd/cc/6f24251cc0252f7239391ccb85833f320efad14ebe5b443943f37ced6332/ruff-0.15.17-py3-none-manylinux_2_17_armv7l.manylinux2014_armv7l.whl", hash = "sha256:81647960f10bff57d2e51cadd0c3950fe598400c852863a038720ef5b8cca91e", size = 10647497, upload-time = "2026-06-11T17:54:57.733Z" },
    { url = "https://files.pythonhosted.org/packages/68/dd/0d10c17ce1a1624d6fc3156309c3f834fdb5dfaad026ec90c85684f3990e/ruff-0.15.17-py3-none-manylinux_2_17_i686.manylinux2014_i686.whl", hash = "sha256:0e01a84ddbc8c16c23055ba3924476850f1bbc1917cebbb9376665a63e74260d", size = 11416967, upload-time = "2026-06-11T17:54:51.461Z" },
    { url = "https://files.pythonhosted.org/packages/2f/91/556bfb156f6144f355e831c23db00b2fc4120f86b3ce81cc5f7fd2df51f3/ruff-0.15.17-py3-none-manylinux_2_17_ppc64le.manylinux2014_ppc64le.whl", hash = "sha256:84fe9f653152f8f294f9f7e03bf3a453d8b4a27f7a59c78c8666167f2b17b96c", size = 12335770, upload-time = "2026-06-11T17:54:45.793Z" },
    { url = "https://files.pythonhosted.org/packages/88/82/8b5999aa13355e926f06d9f42a32dcca862f623bf0363785ff89d607dffd/ruff-0.15.17-py3-none-manylinux_2_17_s390x.manylinux2014_s390x.whl", hash = "sha256:8c0fe88a7676e7a05b73174d4d4a59cb2ac21ff8263583f87a81a6018475a978", size = 11575441, upload-time = "2026-06-11T17:54:32.661Z" },
    { url = "https://files.pythonhosted.org/packages/11/93/f10377bb04109ca0e8cbc483ff1982c54b6d418210041776f93e8cdc7fa9/ruff-0.15.17-py3-none-manylinux_2_17_x86_64.manylinux2014_x86_64.whl", hash = "sha256:ecfc3c7878fff94633ab0348524e093f9ce3243080416dd7d14f8ba400174719", size = 11557614, upload-time = "2026-06-11T17:54:34.698Z" },
    { url = "https://files.pythonhosted.org/packages/c7/a6/eeeae7f7d5493df41649ab3db92f086b2d0a30199e4efdf8e3dd7a033f24/ruff-0.15.17-py3-none-manylinux_2_31_riscv64.whl", hash = "sha256:b8461180b22420b1bdc289909410930761629fddf2a5aaf60fae1ab26cedc4c4", size = 11544450, upload-time = "2026-06-11T17:54:39.042Z" },
    { url = "https://files.pythonhosted.org/packages/32/88/5991ce565129a24dd4a00db1254b3b5db2e53018cbe4018ea5a89738e727/ruff-0.15.17-py3-none-musllinux_1_2_aarch64.whl", hash = "sha256:6eccbe50a038b503e7140b441aa9c7fc8c1f36edf23ebef9f4165c2f28f568b7", size = 10892524, upload-time = "2026-06-11T17:55:09.432Z" },
    { url = "https://files.pythonhosted.org/packages/f5/1d/0fdd248313425f55223968af04b0a42125466a8d88d21c1d99c6af0a51e8/ruff-0.15.17-py3-none-musllinux_1_2_armv7l.whl", hash = "sha256:382fc0521025f5a8ad447d8bdd523545d0d7646adb718eb1c2dac5065ec27c0f", size = 10659573, upload-time = "2026-06-11T17:54:36.824Z" },
    { url = "https://files.pythonhosted.org/packages/9e/0e/072e8260deb9461062ce9311ced27a8e541229a6ffd483013dd37661e43e/ruff-0.15.17-py3-none-musllinux_1_2_i686.whl", hash = "sha256:456d41fcd1b2777ad63f09a6e7121d43f7b688bbc76a800c10f7f8fb1f912c3f", size = 11127818, upload-time = "2026-06-11T17:55:03.124Z" },
    { url = "https://files.pythonhosted.org/packages/ab/b4/55060a34163121498014696b5f656db5b8c6963768f227dbf0d76b311073/ruff-0.15.17-py3-none-musllinux_1_2_x86_64.whl", hash = "sha256:b1a04bcc94ae6194e9db05d16ad31f298a7194bfbcb08258bbe589cee1d587b8", size = 11655901, upload-time = "2026-06-11T17:54:53.562Z" },
    { url = "https://files.pythonhosted.org/packages/49/71/9b29d6b87cef468d697f43c6a91e3fae4a80185779d7d5a4ef27d173439f/ruff-0.15.17-py3-none-win32.whl", hash = "sha256:596065960ab1ff593f744220c9fe6580eda00a95003cffa9f4048bb5b1bf0392", size = 10925574, upload-time = "2026-06-11T17:54:55.723Z" },
    { url = "https://files.pythonhosted.org/packages/3d/b2/8fc77f3723228836fa5d12497eb71c808f83782e10d058d2b15cfa14640b/ruff-0.15.17-py3-none-win_amd64.whl", hash = "sha256:6769e5fa1710b179b92e0bfa5a51735b35baea9013dadb06d5f44cbcf9547084", size = 12058788, upload-time = "2026-06-11T17:54:41.042Z" },
    { url = "https://files.pythonhosted.org/packages/2d/c7/c53e8dbff9c9dc4b7928773421ae294a5d28fcb8dcda1a089579d3a7e510/ruff-0.15.17-py3-none-win_arm64.whl", hash = "sha256:f3be1fbb34bcdfd146240d8fb92a709d4c2c8191348580a3c044ec60fa0b4456", size = 11355275, upload-time = "2026-06-11T17:54:43.635Z" },
]
